schema: '2.0'
stages:
  data_ingestion:
    cmd: python src/cnnClassifier/pipeline/stage_01_data_ingestion.py
    deps:
    - path: config/config.yaml
      hash: md5
      md5: 3f6dc733e0735665409e293214355568
      size: 788
    - path: src/cnnClassifier/pipeline/stage_01_data_ingestion.py
      hash: md5
      md5: 5d36fef25ceb406960d610a9389b75da
      size: 942
    outs:
    - path: artifacts/data_ingestion/Chicken-fecal-images
      hash: md5
      md5: 9e1f8dd2eae3c29e9d635df89d438ae4.dir
      size: 12207807
      nfiles: 390
  prepare_base_model:
    cmd: python src/cnnClassifier/pipeline/stage_02_prepare_base_model.py
    deps:
    - path: config/config.yaml
      hash: md5
      md5: 3f6dc733e0735665409e293214355568
      size: 788
    - path: src/cnnClassifier/pipeline/stage_02_prepare_base_model.py
      hash: md5
      md5: e9eccd412a4fbf64a716bbf1ff0843c2
      size: 903
    params:
      params.yaml:
        CLASSES: 2
        IMAGE_SIZE:
        - 224
        - 224
        - 3
        INCLUDE_TOP: false
        LEARNING_RATE: 0.01
        WEIGHTS: imagenet
    outs:
    - path: artifacts/prepare_base_model
      hash: md5
      md5: ff80b51e7af21dc16d485b693360e21f.dir
      size: 118054560
      nfiles: 2
  training:
    cmd: python src/cnnClassifier/pipeline/stage_03_training.py
    deps:
    - path: artifacts/data_ingestion/Chicken-fecal-images
      hash: md5
      md5: 9e1f8dd2eae3c29e9d635df89d438ae4.dir
      size: 12207807
      nfiles: 390
    - path: artifacts/prepare_base_model
      hash: md5
      md5: ff80b51e7af21dc16d485b693360e21f.dir
      size: 118054560
      nfiles: 2
    - path: config/config.yaml
      hash: md5
      md5: 3f6dc733e0735665409e293214355568
      size: 788
    - path: src/cnnClassifier/components/prepare_callbacks.py
      hash: md5
      md5: 01efb21f36caaf254095971f3103b283
      size: 969
    - path: src/cnnClassifier/pipeline/stage_03_training.py
      hash: md5
      md5: c8769cf5d3b01c8a8c0ae57c8b2a20af
      size: 1165
    params:
      params.yaml:
        AUGMENTATION: true
        BATCH_SIZE: 16
        EPOCHS: 1
        IMAGE_SIZE:
        - 224
        - 224
        - 3
    outs:
    - path: artifacts/training/model.h5
      hash: md5
      md5: 05fe552fd2c582ee72380bbac2183fbc
      size: 59337520
  evaluation:
    cmd: python src/cnnClassifier/pipeline/stage_04_evaluation.py
    deps:
    - path: artifacts/data_ingestion/Chicken-fecal-images
      hash: md5
      md5: 9e1f8dd2eae3c29e9d635df89d438ae4.dir
      size: 12207807
      nfiles: 390
    - path: artifacts/training/model.h5
      hash: md5
      md5: 05fe552fd2c582ee72380bbac2183fbc
      size: 59337520
    - path: config/config.yaml
      hash: md5
      md5: 3f6dc733e0735665409e293214355568
      size: 788
    - path: src/cnnClassifier/pipeline/stage_04_evaluation.py
      hash: md5
      md5: 66a2ec96bccfd0f56597462ebd711819
      size: 850
    params:
      params.yaml:
        BATCH_SIZE: 16
        IMAGE_SIZE:
        - 224
        - 224
        - 3
    outs:
    - path: scores.json
      hash: md5
      md5: 0a4aaf29ccdd5be016cdf7ded502f675
      size: 69
